// !$*UTF8*$!
{
	archiveVersion = 1;
	classes = {
	};
	objectVersion = 50;
	objects = {

/* Begin PBXBuildFile section */
		413BE33722648E1E003271A3 /* Player.swift in Sources */ = {isa = PBXBuildFile; fileRef = 413BE33622648E1E003271A3 /* Player.swift */; };
		413BE33B226493F7003271A3 /* PlayersTableView.swift in Sources */ = {isa = PBXBuildFile; fileRef = 413BE33A226493F7003271A3 /* PlayersTableView.swift */; };
		413BE33D2265C28F003271A3 /* PlayerNameTableCell.swift in Sources */ = {isa = PBXBuildFile; fileRef = 413BE33C2265C28F003271A3 /* PlayerNameTableCell.swift */; };
		417898782269D22700E64F10 /* ButtonExtensions.swift in Sources */ = {isa = PBXBuildFile; fileRef = 417898772269D22700E64F10 /* ButtonExtensions.swift */; };
		41D2C189225892A300B7BD01 /* AppDelegate.swift in Sources */ = {isa = PBXBuildFile; fileRef = 41D2C188225892A300B7BD01 /* AppDelegate.swift */; };
		41D2C18E225892A300B7BD01 /* Main.storyboard in Resources */ = {isa = PBXBuildFile; fileRef = 41D2C18C225892A300B7BD01 /* Main.storyboard */; };
		41D2C190225892B300B7BD01 /* Assets.xcassets in Resources */ = {isa = PBXBuildFile; fileRef = 41D2C18F225892B300B7BD01 /* Assets.xcassets */; };
		41D2C193225892B300B7BD01 /* LaunchScreen.storyboard in Resources */ = {isa = PBXBuildFile; fileRef = 41D2C191225892B300B7BD01 /* LaunchScreen.storyboard */; };
		41D2C19C2258939300B7BD01 /* TellData.swift in Sources */ = {isa = PBXBuildFile; fileRef = 41D2C19B2258939300B7BD01 /* TellData.swift */; };
		41D2C19F22589BAC00B7BD01 /* GenerateQuestionViewController.swift in Sources */ = {isa = PBXBuildFile; fileRef = 41D2C19E22589BAC00B7BD01 /* GenerateQuestionViewController.swift */; };
		41D2C1A32258AAB100B7BD01 /* AddPlayerViewController.swift in Sources */ = {isa = PBXBuildFile; fileRef = 41D2C1A22258AAB100B7BD01 /* AddPlayerViewController.swift */; };
		41D2C1A52258B57F00B7BD01 /* StartViewController.swift in Sources */ = {isa = PBXBuildFile; fileRef = 41D2C1A42258B57F00B7BD01 /* StartViewController.swift */; };
/* End PBXBuildFile section */

/* Begin PBXFileReference section */
		413BE33622648E1E003271A3 /* Player.swift */ = {isa = PBXFileReference; lastKnownFileType = sourcecode.swift; path = Player.swift; sourceTree = "<group>"; };
		413BE33A226493F7003271A3 /* PlayersTableView.swift */ = {isa = PBXFileReference; lastKnownFileType = sourcecode.swift; path = PlayersTableView.swift; sourceTree = "<group>"; };
		413BE33C2265C28F003271A3 /* PlayerNameTableCell.swift */ = {isa = PBXFileReference; lastKnownFileType = sourcecode.swift; path = PlayerNameTableCell.swift; sourceTree = "<group>"; };
		417898772269D22700E64F10 /* ButtonExtensions.swift */ = {isa = PBXFileReference; lastKnownFileType = sourcecode.swift; path = ButtonExtensions.swift; sourceTree = "<group>"; };
		41D2C185225892A300B7BD01 /* Tell.app */ = {isa = PBXFileReference; explicitFileType = wrapper.application; includeInIndex = 0; path = Tell.app; sourceTree = BUILT_PRODUCTS_DIR; };
		41D2C188225892A300B7BD01 /* AppDelegate.swift */ = {isa = PBXFileReference; lastKnownFileType = sourcecode.swift; path = AppDelegate.swift; sourceTree = "<group>"; };
		41D2C18D225892A300B7BD01 /* Base */ = {isa = PBXFileReference; lastKnownFileType = file.storyboard; name = Base; path = Base.lproj/Main.storyboard; sourceTree = "<group>"; };
		41D2C18F225892B300B7BD01 /* Assets.xcassets */ = {isa = PBXFileReference; lastKnownFileType = folder.assetcatalog; path = Assets.xcassets; sourceTree = "<group>"; };
		41D2C192225892B300B7BD01 /* Base */ = {isa = PBXFileReference; lastKnownFileType = file.storyboard; name = Base; path = Base.lproj/LaunchScreen.storyboard; sourceTree = "<group>"; };
		41D2C194225892B300B7BD01 /* Info.plist */ = {isa = PBXFileReference; lastKnownFileType = text.plist.xml; path = Info.plist; sourceTree = "<group>"; };
		41D2C19B2258939300B7BD01 /* TellData.swift */ = {isa = PBXFileReference; lastKnownFileType = sourcecode.swift; path = TellData.swift; sourceTree = "<group>"; };
		41D2C19E22589BAC00B7BD01 /* GenerateQuestionViewController.swift */ = {isa = PBXFileReference; lastKnownFileType = sourcecode.swift; path = GenerateQuestionViewController.swift; sourceTree = "<group>"; };
		41D2C1A22258AAB100B7BD01 /* AddPlayerViewController.swift */ = {isa = PBXFileReference; lastKnownFileType = sourcecode.swift; path = AddPlayerViewController.swift; sourceTree = "<group>"; };
		41D2C1A42258B57F00B7BD01 /* StartViewController.swift */ = {isa = PBXFileReference; lastKnownFileType = sourcecode.swift; path = StartViewController.swift; sourceTree = "<group>"; };
/* End PBXFileReference section */

/* Begin PBXFrameworksBuildPhase section */
		41D2C182225892A300B7BD01 /* Frameworks */ = {
			isa = PBXFrameworksBuildPhase;
			buildActionMask = 2147483647;
			files = (
			);
			runOnlyForDeploymentPostprocessing = 0;
		};
/* End PBXFrameworksBuildPhase section */

/* Begin PBXGroup section */
		417898762269D1F600E64F10 /* extensions */ = {
			isa = PBXGroup;
			children = (
				417898772269D22700E64F10 /* ButtonExtensions.swift */,
			);
			path = extensions;
			sourceTree = "<group>";
		};
		4178987B2269D3EF00E64F10 /* cell */ = {
			isa = PBXGroup;
			children = (
				413BE33C2265C28F003271A3 /* PlayerNameTableCell.swift */,
			);
			path = cell;
			sourceTree = "<group>";
		};
		4178987C2269D58000E64F10 /* PlayersTableView */ = {
			isa = PBXGroup;
			children = (
				4178987B2269D3EF00E64F10 /* cell */,
				413BE33A226493F7003271A3 /* PlayersTableView.swift */,
			);
			path = PlayersTableView;
			sourceTree = "<group>";
		};
		41D2C17C225892A300B7BD01 = {
			isa = PBXGroup;
			children = (
				41D2C187225892A300B7BD01 /* Tell */,
				41D2C186225892A300B7BD01 /* Products */,
			);
			sourceTree = "<group>";
		};
		41D2C186225892A300B7BD01 /* Products */ = {
			isa = PBXGroup;
			children = (
				41D2C185225892A300B7BD01 /* Tell.app */,
			);
			name = Products;
			sourceTree = "<group>";
		};
		41D2C187225892A300B7BD01 /* Tell */ = {
			isa = PBXGroup;
			children = (
				4178987C2269D58000E64F10 /* PlayersTableView */,
				417898762269D1F600E64F10 /* extensions */,
				41D2C19D22589B7000B7BD01 /* viewControllers */,
				41D2C19A2258931C00B7BD01 /* model */,
				41D2C188225892A300B7BD01 /* AppDelegate.swift */,
				41D2C18C225892A300B7BD01 /* Main.storyboard */,
				41D2C18F225892B300B7BD01 /* Assets.xcassets */,
				41D2C191225892B300B7BD01 /* LaunchScreen.storyboard */,
				41D2C194225892B300B7BD01 /* Info.plist */,
			);
			path = Tell;
			sourceTree = "<group>";
		};
		41D2C19A2258931C00B7BD01 /* model */ = {
			isa = PBXGroup;
			children = (
				41D2C19B2258939300B7BD01 /* TellData.swift */,
				413BE33622648E1E003271A3 /* Player.swift */,
			);
			path = model;
			sourceTree = "<group>";
		};
		41D2C19D22589B7000B7BD01 /* viewControllers */ = {
			isa = PBXGroup;
			children = (
				41D2C19E22589BAC00B7BD01 /* GenerateQuestionViewController.swift */,
				41D2C1A22258AAB100B7BD01 /* AddPlayerViewController.swift */,
				41D2C1A42258B57F00B7BD01 /* StartViewController.swift */,
			);
			path = viewControllers;
			sourceTree = "<group>";
		};
/* End PBXGroup section */

/* Begin PBXNativeTarget section */
		41D2C184225892A300B7BD01 /* Tell */ = {
			isa = PBXNativeTarget;
			buildConfigurationList = 41D2C197225892B300B7BD01 /* Build configuration list for PBXNativeTarget "Tell" */;
			buildPhases = (
				41D2C181225892A300B7BD01 /* Sources */,
				41D2C182225892A300B7BD01 /* Frameworks */,
				41D2C183225892A300B7BD01 /* Resources */,
			);
			buildRules = (
			);
			dependencies = (
			);
			name = Tell;
			productName = Tell;
			productReference = 41D2C185225892A300B7BD01 /* Tell.app */;
			productType = "com.apple.product-type.application";
		};
/* End PBXNativeTarget section */

/* Begin PBXProject section */
		41D2C17D225892A300B7BD01 /* Project object */ = {
			isa = PBXProject;
			attributes = {
				LastSwiftUpdateCheck = 1010;
				LastUpgradeCheck = 1010;
				ORGANIZATIONNAME = SaigLabs;
				TargetAttributes = {
					41D2C184225892A300B7BD01 = {
						CreatedOnToolsVersion = 10.1;
					};
				};
			};
			buildConfigurationList = 41D2C180225892A300B7BD01 /* Build configuration list for PBXProject "Tell" */;
			compatibilityVersion = "Xcode 9.3";
			developmentRegion = en;
			hasScannedForEncodings = 0;
			knownRegions = (
				en,
				Base,
			);
			mainGroup = 41D2C17C225892A300B7BD01;
			productRefGroup = 41D2C186225892A300B7BD01 /* Products */;
			projectDirPath = "";
			projectRoot = "";
			targets = (
				41D2C184225892A300B7BD01 /* Tell */,
			);
		};
/* End PBXProject section */

/* Begin PBXResourcesBuildPhase section */
		41D2C183225892A300B7BD01 /* Resources */ = {
			isa = PBXResourcesBuildPhase;
			buildActionMask = 2147483647;
			files = (
				41D2C193225892B300B7BD01 /* LaunchScreen.storyboard in Resources */,
				41D2C190225892B300B7BD01 /* Assets.xcassets in Resources */,
				41D2C18E225892A300B7BD01 /* Main.storyboard in Resources */,
			);
			runOnlyForDeploymentPostprocessing = 0;
		};
/* End PBXResourcesBuildPhase section */

/* Begin PBXSourcesBuildPhase section */
		41D2C181225892A300B7BD01 /* Sources */ = {
			isa = PBXSourcesBuildPhase;
			buildActionMask = 2147483647;
			files = (
				41D2C1A32258AAB100B7BD01 /* AddPlayerViewController.swift in Sources */,
				41D2C19F22589BAC00B7BD01 /* GenerateQuestionViewController.swift in Sources */,
				41D2C189225892A300B7BD01 /* AppDelegate.swift in Sources */,
				417898782269D22700E64F10 /* ButtonExtensions.swift in Sources */,
				413BE33B226493F7003271A3 /* PlayersTableView.swift in Sources */,
				413BE33722648E1E003271A3 /* Player.swift in Sources */,
				41D2C19C2258939300B7BD01 /* TellData.swift in Sources */,
				413BE33D2265C28F003271A3 /* PlayerNameTableCell.swift in Sources */,
				41D2C1A52258B57F00B7BD01 /* StartViewController.swift in Sources */,
			);
			runOnlyForDeploymentPostprocessing = 0;
		};
/* End PBXSourcesBuildPhase section */

/* Begin PBXVariantGroup section */
		41D2C18C225892A300B7BD01 /* Main.storyboard */ = {
			isa = PBXVariantGroup;
			children = (
				41D2C18D225892A300B7BD01 /* Base */,
			);
			name = Main.storyboard;
			sourceTree = "<group>";
		};
		41D2C191225892B300B7BD01 /* LaunchScreen.storyboard */ = {
			isa = PBXVariantGroup;
			children = (
				41D2C192225892B300B7BD01 /* Base */,
			);
			name = LaunchScreen.storyboard;
			sourceTree = "<group>";
		};
/* End PBXVariantGroup section */

/* Begin XCBuildConfiguration section */
		41D2C195225892B300B7BD01 /* Debug */ = {
			isa = XCBuildConfiguration;
			buildSettings = {
				ALWAYS_SEARCH_USER_PATHS = NO;
				CLANG_ANALYZER_NONNULL = YES;
				CLANG_ANALYZER_NUMBER_OBJECT_CONVERSION = YES_AGGRESSIVE;
				CLANG_CXX_LANGUAGE_STANDARD = "gnu++14";
				CLANG_CXX_LIBRARY = "libc++";
				CLANG_ENABLE_MODULES = YES;
				CLANG_ENABLE_OBJC_ARC = YES;
				CLANG_ENABLE_OBJC_WEAK = YES;
				CLANG_WARN_BLOCK_CAPTURE_AUTORELEASING = YES;
				CLANG_WARN_BOOL_CONVERSION = YES;
				CLANG_WARN_COMMA = YES;
				CLANG_WARN_CONSTANT_CONVERSION = YES;
				CLANG_WARN_DEPRECATED_OBJC_IMPLEMENTATIONS = YES;
				CLANG_WARN_DIRECT_OBJC_ISA_USAGE = YES_ERROR;
				CLANG_WARN_DOCUMENTATION_COMMENTS = YES;
				CLANG_WARN_EMPTY_BODY = YES;
				CLANG_WARN_ENUM_CONVERSION = YES;
				CLANG_WARN_INFINITE_RECURSION = YES;
				CLANG_WARN_INT_CONVERSION = YES;
				CLANG_WARN_NON_LITERAL_NULL_CONVERSION = YES;
				CLANG_WARN_OBJC_IMPLICIT_RETAIN_SELF = YES;
				CLANG_WARN_OBJC_LITERAL_CONVERSION = YES;
				CLANG_WARN_OBJC_ROOT_CLASS = YES_ERROR;
				CLANG_WARN_RANGE_LOOP_ANALYSIS = YES;
				CLANG_WARN_STRICT_PROTOTYPES = YES;
				CLANG_WARN_SUSPICIOUS_MOVE = YES;
				CLANG_WARN_UNGUARDED_AVAILABILITY = YES_AGGRESSIVE;
				CLANG_WARN_UNREACHABLE_CODE = YES;
				CLANG_WARN__DUPLICATE_METHOD_MATCH = YES;
				CODE_SIGN_IDENTITY = "iPhone Developer";
				COPY_PHASE_STRIP = NO;
				DEBUG_INFORMATION_FORMAT = dwarf;
				ENABLE_STRICT_OBJC_MSGSEND = YES;
				ENABLE_TESTABILITY = YES;
				GCC_C_LANGUAGE_STANDARD = gnu11;
				GCC_DYNAMIC_NO_PIC = NO;
				GCC_NO_COMMON_BLOCKS = YES;
				GCC_OPTIMIZATION_LEVEL = 0;
				GCC_PREPROCESSOR_DEFINITIONS = (
					"DEBUG=1",
					"$(inherited)",
				);
				GCC_WARN_64_TO_32_BIT_CONVERSION = YES;
				GCC_WARN_ABOUT_RETURN_TYPE = YES_ERROR;
				GCC_WARN_UNDECLARED_SELECTOR = YES;
				GCC_WARN_UNINITIALIZED_AUTOS = YES_AGGRESSIVE;
				GCC_WARN_UNUSED_FUNCTION = YES;
				GCC_WARN_UNUSED_VARIABLE = YES;
				IPHONEOS_DEPLOYMENT_TARGET = 12.1;
				MTL_ENABLE_DEBUG_INFO = INCLUDE_SOURCE;
				MTL_FAST_MATH = YES;
				ONLY_ACTIVE_ARCH = YES;
				SDKROOT = iphoneos;
				SWIFT_ACTIVE_COMPILATION_CONDITIONS = DEBUG;
				SWIFT_OPTIMIZATION_LEVEL = "-Onone";
			};
			name = Debug;
		};
		41D2C196225892B300B7BD01 /* Release */ = {
			isa = XCBuildConfiguration;
			buildSettings = {
				ALWAYS_SEARCH_USER_PATHS = NO;
				CLANG_ANALYZER_NONNULL = YES;
				CLANG_ANALYZER_NUMBER_OBJECT_CONVERSION = YES_AGGRESSIVE;
				CLANG_CXX_LANGUAGE_STANDARD = "gnu++14";
				CLANG_CXX_LIBRARY = "libc++";
				CLANG_ENABLE_MODULES = YES;
				CLANG_ENABLE_OBJC_ARC = YES;
				CLANG_ENABLE_OBJC_WEAK = YES;
				CLANG_WARN_BLOCK_CAPTURE_AUTORELEASING = YES;
				CLANG_WARN_BOOL_CONVERSION = YES;
				CLANG_WARN_COMMA = YES;
				CLANG_WARN_CONSTANT_CONVERSION = YES;
				CLANG_WARN_DEPRECATED_OBJC_IMPLEMENTATIONS = YES;
				CLANG_WARN_DIRECT_OBJC_ISA_USAGE = YES_ERROR;
				CLANG_WARN_DOCUMENTATION_COMMENTS = YES;
				CLANG_WARN_EMPTY_BODY = YES;
				CLANG_WARN_ENUM_CONVERSION = YES;
				CLANG_WARN_INFINITE_RECURSION = YES;
				CLANG_WARN_INT_CONVERSION = YES;
				CLANG_WARN_NON_LITERAL_NULL_CONVERSION = YES;
				CLANG_WARN_OBJC_IMPLICIT_RETAIN_SELF = YES;
				CLANG_WARN_OBJC_LITERAL_CONVERSION = YES;
				CLANG_WARN_OBJC_ROOT_CLASS = YES_ERROR;
				CLANG_WARN_RANGE_LOOP_ANALYSIS = YES;
				CLANG_WARN_STRICT_PROTOTYPES = YES;
				CLANG_WARN_SUSPICIOUS_MOVE = YES;
				CLANG_WARN_UNGUARDED_AVAILABILITY = YES_AGGRESSIVE;
				CLANG_WARN_UNREACHABLE_CODE = YES;
				CLANG_WARN__DUPLICATE_METHOD_MATCH = YES;
				CODE_SIGN_IDENTITY = "iPhone Developer";
				COPY_PHASE_STRIP = NO;
				DEBUG_INFORMATION_FORMAT = "dwarf-with-dsym";
				ENABLE_NS_ASSERTIONS = NO;
				ENABLE_STRICT_OBJC_MSGSEND = YES;
				GCC_C_LANGUAGE_STANDARD = gnu11;
				GCC_NO_COMMON_BLOCKS = YES;
				GCC_WARN_64_TO_32_BIT_CONVERSION = YES;
				GCC_WARN_ABOUT_RETURN_TYPE = YES_ERROR;
				GCC_WARN_UNDECLARED_SELECTOR = YES;
				GCC_WARN_UNINITIALIZED_AUTOS = YES_AGGRESSIVE;
				GCC_WARN_UNUSED_FUNCTION = YES;
				GCC_WARN_UNUSED_VARIABLE = YES;
				IPHONEOS_DEPLOYMENT_TARGET = 12.1;
				MTL_ENABLE_DEBUG_INFO = NO;
				MTL_FAST_MATH = YES;
				SDKROOT = iphoneos;
				SWIFT_COMPILATION_MODE = wholemodule;
				SWIFT_OPTIMIZATION_LEVEL = "-O";
				VALIDATE_PRODUCT = YES;
			};
			name = Release;
		};
		41D2C198225892B300B7BD01 /* Debug */ = {
			isa = XCBuildConfiguration;
			buildSettings = {
				ASSETCATALOG_COMPILER_APPICON_NAME = AppIcon;
				CODE_SIGN_STYLE = Automatic;
				DEVELOPMENT_TEAM = Z82MK2BB6Q;
				INFOPLIST_FILE = Tell/Info.plist;
				LD_RUNPATH_SEARCH_PATHS = (
					"$(inherited)",
					"@executable_path/Frameworks",
				);
				PRODUCT_BUNDLE_IDENTIFIER = com.saiglabs.labuuk.Tell;
				PRODUCT_NAME = "$(TARGET_NAME)";
				SWIFT_VERSION = 4.2;
				TARGETED_DEVICE_FAMILY = "1,2";
			};
			name = Debug;
		};
		41D2C199225892B300B7BD01 /* Release */ = {
			isa = XCBuildConfiguration;
			buildSettings = {
				ASSETCATALOG_COMPILER_APPICON_NAME = AppIcon;
				CODE_SIGN_STYLE = Automatic;
				DEVELOPMENT_TEAM = Z82MK2BB6Q;
				INFOPLIST_FILE = Tell/Info.plist;
				LD_RUNPATH_SEARCH_PATHS = (
					"$(inherited)",
					"@executable_path/Frameworks",
				);
				PRODUCT_BUNDLE_IDENTIFIER = com.saiglabs.labuuk.Tell;
				PRODUCT_NAME = "$(TARGET_NAME)";
				SWIFT_VERSION = 4.2;
				TARGETED_DEVICE_FAMILY = "1,2";
			};
			name = Release;
		};
/* End XCBuildConfiguration section */

/* Begin XCConfigurationList section */
		41D2C180225892A300B7BD01 /* Build configuration list for PBXProject "Tell" */ = {
			isa = XCConfigurationList;
			buildConfigurations = (
				41D2C195225892B300B7BD01 /* Debug */,
				41D2C196225892B300B7BD01 /* Release */,
			);
			defaultConfigurationIsVisible = 0;
			defaultConfigurationName = Release;
		};
		41D2C197225892B300B7BD01 /* Build configuration list for PBXNativeTarget "Tell" */ = {
			isa = XCConfigurationList;
			buildConfigurations = (
				41D2C198225892B300B7BD01 /* Debug */,
				41D2C199225892B300B7BD01 /* Release */,
			);
			defaultConfigurationIsVisible = 0;
			defaultConfigurationName = Release;
		};
/* End XCConfigurationList section */
	};
	rootObject = 41D2C17D225892A300B7BD01 /* Project object */;
}
